
Microsoft Visual Studio Solution File, Format Version 11.00
# Visual Studio 2010
Project("{FAE04EC0-301F-11D3-BF4B-00C04F79EFBC}") = "Roll a Ball - 2", "Assembly-CSharp.csproj", "{02B22379-FD08-DF53-42A0-CE312126399F}"
EndProject
Global
	GlobalSection(SolutionConfigurationPlatforms) = preSolution
		Debug|Any CPU = Debug|Any CPU
		Release|Any CPU = Release|Any CPU
	EndGlobalSection
	GlobalSection(ProjectConfigurationPlatforms) = postSolution
		{02B22379-FD08-DF53-42A0-CE312126399F}.Debug|Any CPU.ActiveCfg = Debug|Any CPU
		{02B22379-FD08-DF53-42A0-CE312126399F}.Debug|Any CPU.Build.0 = Debug|Any CPU
		{02B22379-FD08-DF53-42A0-CE312126399F}.Release|Any CPU.ActiveCfg = Release|Any CPU
		{02B22379-FD08-DF53-42A0-CE312126399F}.Release|Any CPU.Build.0 = Release|Any CPU
	EndGlobalSection
	GlobalSection(SolutionProperties) = preSolution
		HideSolutionNode = FALSE
	EndGlobalSection
	GlobalSection(MonoDevelopProperties) = preSolution
		StartupItem = Assembly-CSharp.csproj
	EndGlobalSection
EndGlobal
